
Microsoft Visual Studio Solution File, Format Version 12.00
# Visual Studio Version 16
VisualStudioVersion = 16.0.30413.136
MinimumVisualStudioVersion = 10.0.40219.1
Project("{8BC9CEB8-8B4A-11D0-8D11-00A0C91BC942}") = "CommandPattern", "CommandPattern\CommandPattern.vcxproj", "{E780ADCA-557B-4009-B0E9-F73B05390884}"
EndProject
Project("{8BC9CEB8-8B4A-11D0-8D11-00A0C91BC942}") = "FlyweightPattern", "FlyweightPattern\FlyweightPattern.vcxproj", "{3C3D4E99-ED09-439A-B7B5-09560B841889}"
EndProject
Project("{8BC9CEB8-8B4A-11D0-8D11-00A0C91BC942}") = "ObserverPattern", "ObserverPattern\ObserverPattern.vcxproj", "{8ED4D2D5-3CAA-4311-9204-EF074E2BB206}"
EndProject
Project("{8BC9CEB8-8B4A-11D0-8D11-00A0C91BC942}") = "PrototypePattern", "PrototypePattern\PrototypePattern.vcxproj", "{6CF528E7-4C39-4D06-9D49-CE2FBCDD7D8E}"
EndProject
Project("{8BC9CEB8-8B4A-11D0-8D11-00A0C91BC942}") = "StatePattern", "StatePattern\StatePattern.vcxproj", "{1EFA5255-8C86-4E86-BC90-E2B6AEC12B63}"
EndProject
Project("{8BC9CEB8-8B4A-11D0-8D11-00A0C91BC942}") = "DoubleBufferPattern", "DoubleBufferPattern\DoubleBufferPattern.vcxproj", "{1F5DFFAF-A0F9-4B3B-BF79-716A04EA6627}"
EndProject
Project("{8BC9CEB8-8B4A-11D0-8D11-00A0C91BC942}") = "GameLoopPattern", "GameLoopPattern\GameLoopPattern.vcxproj", "{93CBA267-64AB-49D7-BE5B-70A12956BFB5}"
EndProject
Project("{8BC9CEB8-8B4A-11D0-8D11-00A0C91BC942}") = "UpdatePattern", "UpdatePattern\UpdatePattern.vcxproj", "{83392FBD-C6D5-4C35-8723-BD3737900CA2}"
EndProject
Global
	GlobalSection(SolutionConfigurationPlatforms) = preSolution
		Debug|x64 = Debug|x64
		Debug|x86 = Debug|x86
		Release|x64 = Release|x64
		Release|x86 = Release|x86
	EndGlobalSection
	GlobalSection(ProjectConfigurationPlatforms) = postSolution
		{E780ADCA-557B-4009-B0E9-F73B05390884}.Debug|x64.ActiveCfg = Debug|x64
		{E780ADCA-557B-4009-B0E9-F73B05390884}.Debug|x64.Build.0 = Debug|x64
		{E780ADCA-557B-4009-B0E9-F73B05390884}.Debug|x86.ActiveCfg = Debug|Win32
		{E780ADCA-557B-4009-B0E9-F73B05390884}.Debug|x86.Build.0 = Debug|Win32
		{E780ADCA-557B-4009-B0E9-F73B05390884}.Release|x64.ActiveCfg = Release|x64
		{E780ADCA-557B-4009-B0E9-F73B05390884}.Release|x64.Build.0 = Release|x64
		{E780ADCA-557B-4009-B0E9-F73B05390884}.Release|x86.ActiveCfg = Release|Win32
		{E780ADCA-557B-4009-B0E9-F73B05390884}.Release|x86.Build.0 = Release|Win32
		{3C3D4E99-ED09-439A-B7B5-09560B841889}.Debug|x64.ActiveCfg = Debug|x64
		{3C3D4E99-ED09-439A-B7B5-09560B841889}.Debug|x64.Build.0 = Debug|x64
		{3C3D4E99-ED09-439A-B7B5-09560B841889}.Debug|x86.ActiveCfg = Debug|Win32
		{3C3D4E99-ED09-439A-B7B5-09560B841889}.Debug|x86.Build.0 = Debug|Win32
		{3C3D4E99-ED09-439A-B7B5-09560B841889}.Release|x64.ActiveCfg = Release|x64
		{3C3D4E99-ED09-439A-B7B5-09560B841889}.Release|x64.Build.0 = Release|x64
		{3C3D4E99-ED09-439A-B7B5-09560B841889}.Release|x86.ActiveCfg = Release|Win32
		{3C3D4E99-ED09-439A-B7B5-09560B841889}.Release|x86.Build.0 = Release|Win32
		{8ED4D2D5-3CAA-4311-9204-EF074E2BB206}.Debug|x64.ActiveCfg = Debug|x64
		{8ED4D2D5-3CAA-4311-9204-EF074E2BB206}.Debug|x64.Build.0 = Debug|x64
		{8ED4D2D5-3CAA-4311-9204-EF074E2BB206}.Debug|x86.ActiveCfg = Debug|Win32
		{8ED4D2D5-3CAA-4311-9204-EF074E2BB206}.Debug|x86.Build.0 = Debug|Win32
		{8ED4D2D5-3CAA-4311-9204-EF074E2BB206}.Release|x64.ActiveCfg = Release|x64
		{8ED4D2D5-3CAA-4311-9204-EF074E2BB206}.Release|x64.Build.0 = Release|x64
		{8ED4D2D5-3CAA-4311-9204-EF074E2BB206}.Release|x86.ActiveCfg = Release|Win32
		{8ED4D2D5-3CAA-4311-9204-EF074E2BB206}.Release|x86.Build.0 = Release|Win32
		{6CF528E7-4C39-4D06-9D49-CE2FBCDD7D8E}.Debug|x64.ActiveCfg = Debug|x64
		{6CF528E7-4C39-4D06-9D49-CE2FBCDD7D8E}.Debug|x64.Build.0 = Debug|x64
		{6CF528E7-4C39-4D06-9D49-CE2FBCDD7D8E}.Debug|x86.ActiveCfg = Debug|Win32
		{6CF528E7-4C39-4D06-9D49-CE2FBCDD7D8E}.Debug|x86.Build.0 = Debug|Win32
		{6CF528E7-4C39-4D06-9D49-CE2FBCDD7D8E}.Release|x64.ActiveCfg = Release|x64
		{6CF528E7-4C39-4D06-9D49-CE2FBCDD7D8E}.Release|x64.Build.0 = Release|x64
		{6CF528E7-4C39-4D06-9D49-CE2FBCDD7D8E}.Release|x86.ActiveCfg = Release|Win32
		{6CF528E7-4C39-4D06-9D49-CE2FBCDD7D8E}.Release|x86.Build.0 = Release|Win32
		{1EFA5255-8C86-4E86-BC90-E2B6AEC12B63}.Debug|x64.ActiveCfg = Debug|x64
		{1EFA5255-8C86-4E86-BC90-E2B6AEC12B63}.Debug|x64.Build.0 = Debug|x64
		{1EFA5255-8C86-4E86-BC90-E2B6AEC12B63}.Debug|x86.ActiveCfg = Debug|Win32
		{1EFA5255-8C86-4E86-BC90-E2B6AEC12B63}.Debug|x86.Build.0 = Debug|Win32
		{1EFA5255-8C86-4E86-BC90-E2B6AEC12B63}.Release|x64.ActiveCfg = Release|x64
		{1EFA5255-8C86-4E86-BC90-E2B6AEC12B63}.Release|x64.Build.0 = Release|x64
		{1EFA5255-8C86-4E86-BC90-E2B6AEC12B63}.Release|x86.ActiveCfg = Release|Win32
		{1EFA5255-8C86-4E86-BC90-E2B6AEC12B63}.Release|x86.Build.0 = Release|Win32
		{1F5DFFAF-A0F9-4B3B-BF79-716A04EA6627}.Debug|x64.ActiveCfg = Debug|x64
		{1F5DFFAF-A0F9-4B3B-BF79-716A04EA6627}.Debug|x64.Build.0 = Debug|x64
		{1F5DFFAF-A0F9-4B3B-BF79-716A04EA6627}.Debug|x86.ActiveCfg = Debug|Win32
		{1F5DFFAF-A0F9-4B3B-BF79-716A04EA6627}.Debug|x86.Build.0 = Debug|Win32
		{1F5DFFAF-A0F9-4B3B-BF79-716A04EA6627}.Release|x64.ActiveCfg = Release|x64
		{1F5DFFAF-A0F9-4B3B-BF79-716A04EA6627}.Release|x64.Build.0 = Release|x64
		{1F5DFFAF-A0F9-4B3B-BF79-716A04EA6627}.Release|x86.ActiveCfg = Release|Win32
		{1F5DFFAF-A0F9-4B3B-BF79-716A04EA6627}.Release|x86.Build.0 = Release|Win32
		{93CBA267-64AB-49D7-BE5B-70A12956BFB5}.Debug|x64.ActiveCfg = Debug|x64
		{93CBA267-64AB-49D7-BE5B-70A12956BFB5}.Debug|x64.Build.0 = Debug|x64
		{93CBA267-64AB-49D7-BE5B-70A12956BFB5}.Debug|x86.ActiveCfg = Debug|Win32
		{93CBA267-64AB-49D7-BE5B-70A12956BFB5}.Debug|x86.Build.0 = Debug|Win32
		{93CBA267-64AB-49D7-BE5B-70A12956BFB5}.Release|x64.ActiveCfg = Release|x64
		{93CBA267-64AB-49D7-BE5B-70A12956BFB5}.Release|x64.Build.0 = Release|x64
		{93CBA267-64AB-49D7-BE5B-70A12956BFB5}.Release|x86.ActiveCfg = Release|Win32
		{93CBA267-64AB-49D7-BE5B-70A12956BFB5}.Release|x86.Build.0 = Release|Win32
		{83392FBD-C6D5-4C35-8723-BD3737900CA2}.Debug|x64.ActiveCfg = Debug|x64
		{83392FBD-C6D5-4C35-8723-BD3737900CA2}.Debug|x64.Build.0 = Debug|x64
		{83392FBD-C6D5-4C35-8723-BD3737900CA2}.Debug|x86.ActiveCfg = Debug|Win32
		{83392FBD-C6D5-4C35-8723-BD3737900CA2}.Debug|x86.Build.0 = Debug|Win32
		{83392FBD-C6D5-4C35-8723-BD3737900CA2}.Release|x64.ActiveCfg = Release|x64
		{83392FBD-C6D5-4C35-8723-BD3737900CA2}.Release|x64.Build.0 = Release|x64
		{83392FBD-C6D5-4C35-8723-BD3737900CA2}.Release|x86.ActiveCfg = Release|Win32
		{83392FBD-C6D5-4C35-8723-BD3737900CA2}.Release|x86.Build.0 = Release|Win32
	EndGlobalSection
	GlobalSection(SolutionProperties) = preSolution
		HideSolutionNode = FALSE
	EndGlobalSection
	GlobalSection(ExtensibilityGlobals) = postSolution
		SolutionGuid = {37DD68E6-CEC7-4782-8EBD-BA33A1CA3671}
	EndGlobalSection
EndGlobal
